// !$*UTF8*$!
{
	archiveVersion = 1;
	classes = {
	};
	objectVersion = 48;
	objects = {

/* Begin PBXBuildFile section */
		FEC0CC871F30F17200C00AE2 /* SetRowNumberTableViewController.swift in Sources */ = {isa = PBXBuildFile; fileRef = FEC0CC861F30F17200C00AE2 /* SetRowNumberTableViewController.swift */; };
		FEC0CC891F30F22400C00AE2 /* NumbersTableViewController.swift in Sources */ = {isa = PBXBuildFile; fileRef = FEC0CC881F30F22400C00AE2 /* NumbersTableViewController.swift */; };
		FEC0CC8B1F30F3EB00C00AE2 /* settings.swift in Sources */ = {isa = PBXBuildFile; fileRef = FEC0CC8A1F30F3EB00C00AE2 /* settings.swift */; };
		FEF8BC7D1F30D57200D46B86 /* AppDelegate.swift in Sources */ = {isa = PBXBuildFile; fileRef = FEF8BC7C1F30D57200D46B86 /* AppDelegate.swift */; };
		FEF8BC821F30D57200D46B86 /* Main.storyboard in Resources */ = {isa = PBXBuildFile; fileRef = FEF8BC801F30D57200D46B86 /* Main.storyboard */; };
		FEF8BC841F30D57200D46B86 /* Assets.xcassets in Resources */ = {isa = PBXBuildFile; fileRef = FEF8BC831F30D57200D46B86 /* Assets.xcassets */; };
		FEF8BC871F30D57200D46B86 /* LaunchScreen.storyboard in Resources */ = {isa = PBXBuildFile; fileRef = FEF8BC851F30D57200D46B86 /* LaunchScreen.storyboard */; };
		FEF8BC911F30DB9A00D46B86 /* RowViewController.swift in Sources */ = {isa = PBXBuildFile; fileRef = FEF8BC901F30DB9A00D46B86 /* RowViewController.swift */; };
/* End PBXBuildFile section */

/* Begin PBXFileReference section */
		FEC0CC861F30F17200C00AE2 /* SetRowNumberTableViewController.swift */ = {isa = PBXFileReference; lastKnownFileType = sourcecode.swift; path = SetRowNumberTableViewController.swift; sourceTree = "<group>"; };
		FEC0CC881F30F22400C00AE2 /* NumbersTableViewController.swift */ = {isa = PBXFileReference; lastKnownFileType = sourcecode.swift; path = NumbersTableViewController.swift; sourceTree = "<group>"; };
		FEC0CC8A1F30F3EB00C00AE2 /* settings.swift */ = {isa = PBXFileReference; lastKnownFileType = sourcecode.swift; path = settings.swift; sourceTree = "<group>"; };
		FEF8BC791F30D57200D46B86 /* Numbers.app */ = {isa = PBXFileReference; explicitFileType = wrapper.application; includeInIndex = 0; path = Numbers.app; sourceTree = BUILT_PRODUCTS_DIR; };
		FEF8BC7C1F30D57200D46B86 /* AppDelegate.swift */ = {isa = PBXFileReference; lastKnownFileType = sourcecode.swift; path = AppDelegate.swift; sourceTree = "<group>"; };
		FEF8BC811F30D57200D46B86 /* Base */ = {isa = PBXFileReference; lastKnownFileType = file.storyboard; name = Base; path = Base.lproj/Main.storyboard; sourceTree = "<group>"; };
		FEF8BC831F30D57200D46B86 /* Assets.xcassets */ = {isa = PBXFileReference; lastKnownFileType = folder.assetcatalog; path = Assets.xcassets; sourceTree = "<group>"; };
		FEF8BC861F30D57200D46B86 /* Base */ = {isa = PBXFileReference; lastKnownFileType = file.storyboard; name = Base; path = Base.lproj/LaunchScreen.storyboard; sourceTree = "<group>"; };
		FEF8BC881F30D57200D46B86 /* Info.plist */ = {isa = PBXFileReference; lastKnownFileType = text.plist.xml; path = Info.plist; sourceTree = "<group>"; };
		FEF8BC901F30DB9A00D46B86 /* RowViewController.swift */ = {isa = PBXFileReference; lastKnownFileType = sourcecode.swift; path = RowViewController.swift; sourceTree = "<group>"; };
/* End PBXFileReference section */

/* Begin PBXFrameworksBuildPhase section */
		FEF8BC761F30D57200D46B86 /* Frameworks */ = {
			isa = PBXFrameworksBuildPhase;
			buildActionMask = 2147483647;
			files = (
			);
			runOnlyForDeploymentPostprocessing = 0;
		};
/* End PBXFrameworksBuildPhase section */

/* Begin PBXGroup section */
		FEF8BC701F30D57200D46B86 = {
			isa = PBXGroup;
			children = (
				FEF8BC7B1F30D57200D46B86 /* Numbers */,
				FEF8BC7A1F30D57200D46B86 /* Products */,
			);
			sourceTree = "<group>";
		};
		FEF8BC7A1F30D57200D46B86 /* Products */ = {
			isa = PBXGroup;
			children = (
				FEF8BC791F30D57200D46B86 /* Numbers.app */,
			);
			name = Products;
			sourceTree = "<group>";
		};
		FEF8BC7B1F30D57200D46B86 /* Numbers */ = {
			isa = PBXGroup;
			children = (
				FEC0CC861F30F17200C00AE2 /* SetRowNumberTableViewController.swift */,
				FEF8BC7C1F30D57200D46B86 /* AppDelegate.swift */,
				FEF8BC801F30D57200D46B86 /* Main.storyboard */,
				FEC0CC8A1F30F3EB00C00AE2 /* settings.swift */,
				FEF8BC901F30DB9A00D46B86 /* RowViewController.swift */,
				FEC0CC881F30F22400C00AE2 /* NumbersTableViewController.swift */,
				FEF8BC831F30D57200D46B86 /* Assets.xcassets */,
				FEF8BC851F30D57200D46B86 /* LaunchScreen.storyboard */,
				FEF8BC881F30D57200D46B86 /* Info.plist */,
			);
			path = Numbers;
			sourceTree = "<group>";
		};
/* End PBXGroup section */

/* Begin PBXNativeTarget section */
		FEF8BC781F30D57200D46B86 /* Numbers */ = {
			isa = PBXNativeTarget;
			buildConfigurationList = FEF8BC8B1F30D57200D46B86 /* Build configuration list for PBXNativeTarget "Numbers" */;
			buildPhases = (
				FEF8BC751F30D57200D46B86 /* Sources */,
				FEF8BC761F30D57200D46B86 /* Frameworks */,
				FEF8BC771F30D57200D46B86 /* Resources */,
			);
			buildRules = (
			);
			dependencies = (
			);
			name = Numbers;
			productName = Numbers;
			productReference = FEF8BC791F30D57200D46B86 /* Numbers.app */;
			productType = "com.apple.product-type.application";
		};
/* End PBXNativeTarget section */

/* Begin PBXProject section */
		FEF8BC711F30D57200D46B86 /* Project object */ = {
			isa = PBXProject;
			attributes = {
				LastSwiftUpdateCheck = 0900;
				LastUpgradeCheck = 0900;
				ORGANIZATIONNAME = "Lijie Zhao";
				TargetAttributes = {
					FEF8BC781F30D57200D46B86 = {
						CreatedOnToolsVersion = 9.0;
					};
				};
			};
			buildConfigurationList = FEF8BC741F30D57200D46B86 /* Build configuration list for PBXProject "Numbers" */;
			compatibilityVersion = "Xcode 8.0";
			developmentRegion = en;
			hasScannedForEncodings = 0;
			knownRegions = (
				en,
				Base,
			);
			mainGroup = FEF8BC701F30D57200D46B86;
			productRefGroup = FEF8BC7A1F30D57200D46B86 /* Products */;
			projectDirPath = "";
			projectRoot = "";
			targets = (
				FEF8BC781F30D57200D46B86 /* Numbers */,
			);
		};
/* End PBXProject section */

/* Begin PBXResourcesBuildPhase section */
		FEF8BC771F30D57200D46B86 /* Resources */ = {
			isa = PBXResourcesBuildPhase;
			buildActionMask = 2147483647;
			files = (
				FEF8BC871F30D57200D46B86 /* LaunchScreen.storyboard in Resources */,
				FEF8BC841F30D57200D46B86 /* Assets.xcassets in Resources */,
				FEF8BC821F30D57200D46B86 /* Main.storyboard in Resources */,
			);
			runOnlyForDeploymentPostprocessing = 0;
		};
/* End PBXResourcesBuildPhase section */

/* Begin PBXSourcesBuildPhase section */
		FEF8BC751F30D57200D46B86 /* Sources */ = {
			isa = PBXSourcesBuildPhase;
			buildActionMask = 2147483647;
			files = (
				FEC0CC891F30F22400C00AE2 /* NumbersTableViewController.swift in Sources */,
				FEC0CC871F30F17200C00AE2 /* SetRowNumberTableViewController.swift in Sources */,
				FEF8BC911F30DB9A00D46B86 /* RowViewController.swift in Sources */,
				FEF8BC7D1F30D57200D46B86 /* AppDelegate.swift in Sources */,
				FEC0CC8B1F30F3EB00C00AE2 /* settings.swift in Sources */,
			);
			runOnlyForDeploymentPostprocessing = 0;
		};
/* End PBXSourcesBuildPhase section */

/* Begin PBXVariantGroup section */
		FEF8BC801F30D57200D46B86 /* Main.storyboard */ = {
			isa = PBXVariantGroup;
			children = (
				FEF8BC811F30D57200D46B86 /* Base */,
			);
			name = Main.storyboard;
			sourceTree = "<group>";
		};
		FEF8BC851F30D57200D46B86 /* LaunchScreen.storyboard */ = {
			isa = PBXVariantGroup;
			children = (
				FEF8BC861F30D57200D46B86 /* Base */,
			);
			name = LaunchScreen.storyboard;
			sourceTree = "<group>";
		};
/* End PBXVariantGroup section */

/* Begin XCBuildConfiguration section */
		FEF8BC891F30D57200D46B86 /* Debug */ = {
			isa = XCBuildConfiguration;
			buildSettings = {
				ALWAYS_SEARCH_USER_PATHS = NO;
				CLANG_ANALYZER_NONNULL = YES;
				CLANG_ANALYZER_NUMBER_OBJECT_CONVERSION = YES_AGGRESSIVE;
				CLANG_CXX_LANGUAGE_STANDARD = "gnu++14";
				CLANG_CXX_LIBRARY = "libc++";
				CLANG_ENABLE_MODULES = YES;
				CLANG_ENABLE_OBJC_ARC = YES;
				CLANG_WARN_BLOCK_CAPTURE_AUTORELEASING = YES;
				CLANG_WARN_BOOL_CONVERSION = YES;
				CLANG_WARN_COMMA = YES;
				CLANG_WARN_CONSTANT_CONVERSION = YES;
				CLANG_WARN_DIRECT_OBJC_ISA_USAGE = YES_ERROR;
				CLANG_WARN_DOCUMENTATION_COMMENTS = YES;
				CLANG_WARN_EMPTY_BODY = YES;
				CLANG_WARN_ENUM_CONVERSION = YES;
				CLANG_WARN_INFINITE_RECURSION = YES;
				CLANG_WARN_INT_CONVERSION = YES;
				CLANG_WARN_NON_LITERAL_NULL_CONVERSION = YES;
				CLANG_WARN_OBJC_LITERAL_CONVERSION = YES;
				CLANG_WARN_OBJC_ROOT_CLASS = YES_ERROR;
				CLANG_WARN_RANGE_LOOP_ANALYSIS = YES;
				CLANG_WARN_STRICT_PROTOTYPES = YES;
				CLANG_WARN_SUSPICIOUS_MOVE = YES;
				CLANG_WARN_UNGUARDED_AVAILABILITY = YES_AGGRESSIVE;
				CLANG_WARN_UNREACHABLE_CODE = YES;
				CLANG_WARN__DUPLICATE_METHOD_MATCH = YES;
				CODE_SIGN_IDENTITY = "iPhone Developer";
				COPY_PHASE_STRIP = NO;
				DEBUG_INFORMATION_FORMAT = dwarf;
				ENABLE_STRICT_OBJC_MSGSEND = YES;
				ENABLE_TESTABILITY = YES;
				GCC_C_LANGUAGE_STANDARD = gnu11;
				GCC_DYNAMIC_NO_PIC = NO;
				GCC_NO_COMMON_BLOCKS = YES;
				GCC_OPTIMIZATION_LEVEL = 0;
				GCC_PREPROCESSOR_DEFINITIONS = (
					"DEBUG=1",
					"$(inherited)",
				);
				GCC_WARN_64_TO_32_BIT_CONVERSION = YES;
				GCC_WARN_ABOUT_RETURN_TYPE = YES_ERROR;
				GCC_WARN_UNDECLARED_SELECTOR = YES;
				GCC_WARN_UNINITIALIZED_AUTOS = YES_AGGRESSIVE;
				GCC_WARN_UNUSED_FUNCTION = YES;
				GCC_WARN_UNUSED_VARIABLE = YES;
				IPHONEOS_DEPLOYMENT_TARGET = 11.0;
				MTL_ENABLE_DEBUG_INFO = YES;
				ONLY_ACTIVE_ARCH = YES;
				SDKROOT = iphoneos;
				SWIFT_ACTIVE_COMPILATION_CONDITIONS = DEBUG;
				SWIFT_OPTIMIZATION_LEVEL = "-Onone";
			};
			name = Debug;
		};
		FEF8BC8A1F30D57200D46B86 /* Release */ = {
			isa = XCBuildConfiguration;
			buildSettings = {
				ALWAYS_SEARCH_USER_PATHS = NO;
				CLANG_ANALYZER_NONNULL = YES;
				CLANG_ANALYZER_NUMBER_OBJECT_CONVERSION = YES_AGGRESSIVE;
				CLANG_CXX_LANGUAGE_STANDARD = "gnu++14";
				CLANG_CXX_LIBRARY = "libc++";
				CLANG_ENABLE_MODULES = YES;
				CLANG_ENABLE_OBJC_ARC = YES;
				CLANG_WARN_BLOCK_CAPTURE_AUTORELEASING = YES;
				CLANG_WARN_BOOL_CONVERSION = YES;
				CLANG_WARN_COMMA = YES;
				CLANG_WARN_CONSTANT_CONVERSION = YES;
				CLANG_WARN_DIRECT_OBJC_ISA_USAGE = YES_ERROR;
				CLANG_WARN_DOCUMENTATION_COMMENTS = YES;
				CLANG_WARN_EMPTY_BODY = YES;
				CLANG_WARN_ENUM_CONVERSION = YES;
				CLANG_WARN_INFINITE_RECURSION = YES;
				CLANG_WARN_INT_CONVERSION = YES;
				CLANG_WARN_NON_LITERAL_NULL_CONVERSION = YES;
				CLANG_WARN_OBJC_LITERAL_CONVERSION = YES;
				CLANG_WARN_OBJC_ROOT_CLASS = YES_ERROR;
				CLANG_WARN_RANGE_LOOP_ANALYSIS = YES;
				CLANG_WARN_STRICT_PROTOTYPES = YES;
				CLANG_WARN_SUSPICIOUS_MOVE = YES;
				CLANG_WARN_UNGUARDED_AVAILABILITY = YES_AGGRESSIVE;
				CLANG_WARN_UNREACHABLE_CODE = YES;
				CLANG_WARN__DUPLICATE_METHOD_MATCH = YES;
				CODE_SIGN_IDENTITY = "iPhone Developer";
				COPY_PHASE_STRIP = NO;
				DEBUG_INFORMATION_FORMAT = "dwarf-with-dsym";
				ENABLE_NS_ASSERTIONS = NO;
				ENABLE_STRICT_OBJC_MSGSEND = YES;
				GCC_C_LANGUAGE_STANDARD = gnu11;
				GCC_NO_COMMON_BLOCKS = YES;
				GCC_WARN_64_TO_32_BIT_CONVERSION = YES;
				GCC_WARN_ABOUT_RETURN_TYPE = YES_ERROR;
				GCC_WARN_UNDECLARED_SELECTOR = YES;
				GCC_WARN_UNINITIALIZED_AUTOS = YES_AGGRESSIVE;
				GCC_WARN_UNUSED_FUNCTION = YES;
				GCC_WARN_UNUSED_VARIABLE = YES;
				IPHONEOS_DEPLOYMENT_TARGET = 11.0;
				MTL_ENABLE_DEBUG_INFO = NO;
				SDKROOT = iphoneos;
				SWIFT_OPTIMIZATION_LEVEL = "-Owholemodule";
				VALIDATE_PRODUCT = YES;
			};
			name = Release;
		};
		FEF8BC8C1F30D57200D46B86 /* Debug */ = {
			isa = XCBuildConfiguration;
			buildSettings = {
				ASSETCATALOG_COMPILER_APPICON_NAME = AppIcon;
				DEVELOPMENT_TEAM = 3RB5P9H52G;
				INFOPLIST_FILE = Numbers/Info.plist;
				LD_RUNPATH_SEARCH_PATHS = "$(inherited) @executable_path/Frameworks";
				PRODUCT_BUNDLE_IDENTIFIER = ZHAO.Numbers;
				PRODUCT_NAME = "$(TARGET_NAME)";
				SWIFT_VERSION = 4.0;
				TARGETED_DEVICE_FAMILY = "1,2";
			};
			name = Debug;
		};
		FEF8BC8D1F30D57200D46B86 /* Release */ = {
			isa = XCBuildConfiguration;
			buildSettings = {
				ASSETCATALOG_COMPILER_APPICON_NAME = AppIcon;
				DEVELOPMENT_TEAM = 3RB5P9H52G;
				INFOPLIST_FILE = Numbers/Info.plist;
				LD_RUNPATH_SEARCH_PATHS = "$(inherited) @executable_path/Frameworks";
				PRODUCT_BUNDLE_IDENTIFIER = ZHAO.Numbers;
				PRODUCT_NAME = "$(TARGET_NAME)";
				SWIFT_VERSION = 4.0;
				TARGETED_DEVICE_FAMILY = "1,2";
			};
			name = Release;
		};
/* End XCBuildConfiguration section */

/* Begin XCConfigurationList section */
		FEF8BC741F30D57200D46B86 /* Build configuration list for PBXProject "Numbers" */ = {
			isa = XCConfigurationList;
			buildConfigurations = (
				FEF8BC891F30D57200D46B86 /* Debug */,
				FEF8BC8A1F30D57200D46B86 /* Release */,
			);
			defaultConfigurationIsVisible = 0;
			defaultConfigurationName = Release;
		};
		FEF8BC8B1F30D57200D46B86 /* Build configuration list for PBXNativeTarget "Numbers" */ = {
			isa = XCConfigurationList;
			buildConfigurations = (
				FEF8BC8C1F30D57200D46B86 /* Debug */,
				FEF8BC8D1F30D57200D46B86 /* Release */,
			);
			defaultConfigurationIsVisible = 0;
			defaultConfigurationName = Release;
		};
/* End XCConfigurationList section */
	};
	rootObject = FEF8BC711F30D57200D46B86 /* Project object */;
}
